
Microsoft Visual Studio Solution File, Format Version 12.00
# Visual Studio Version 17
VisualStudioVersion = 17.6.33815.320
MinimumVisualStudioVersion = 10.0.40219.1
Project("{FAE04EC0-301F-11D3-BF4B-00C04F79EFBC}") = "TextProcessor", "TextProcessor.csproj", "{ACC0143F-110C-4EEF-A6A1-D0355AA1C106}"
EndProject
Global
	GlobalSection(SolutionConfigurationPlatforms) = preSolution
		Debug|Any CPU = Debug|Any CPU
		Release|Any CPU = Release|Any CPU
	EndGlobalSection
	GlobalSection(ProjectConfigurationPlatforms) = postSolution
		{ACC0143F-110C-4EEF-A6A1-D0355AA1C106}.Debug|Any CPU.ActiveCfg = Debug|Any CPU
		{ACC0143F-110C-4EEF-A6A1-D0355AA1C106}.Debug|Any CPU.Build.0 = Debug|Any CPU
		{ACC0143F-110C-4EEF-A6A1-D0355AA1C106}.Release|Any CPU.ActiveCfg = Release|Any CPU
		{ACC0143F-110C-4EEF-A6A1-D0355AA1C106}.Release|Any CPU.Build.0 = Release|Any CPU
	EndGlobalSection
	GlobalSection(SolutionProperties) = preSolution
		HideSolutionNode = FALSE
	EndGlobalSection
	GlobalSection(ExtensibilityGlobals) = postSolution
		SolutionGuid = {30E4DFF3-0C33-4B21-B1C4-AA4FC0FA972C}
	EndGlobalSection
EndGlobal
